PODS:
  - Paystack (3.0.17):
    - Paystack/Core (= 3.0.17)
  - Paystack/Core (3.0.17)

DEPENDENCIES:
  - Paystack (~> 3.0)

SPEC REPOS:
  trunk:
    - Paystack

SPEC CHECKSUMS:
  Paystack: 5a7a9d5c47ddfd76e3d84550d9ff1f49bf6d284c

PODFILE CHECKSUM: ef2cc3496673dcc78030b8ea017cdb76bfd262d3

COCOAPODS: 1.11.3
